
Microsoft Visual Studio Solution File, Format Version 12.00
# Visual Studio Version 17
VisualStudioVersion = 17.11.35327.3
MinimumVisualStudioVersion = 10.0.40219.1
Project("{FAE04EC0-301F-11D3-BF4B-00C04F79EFBC}") = "Notebook.WebApi", "Notebook.WebApi\Notebook.WebApi.csproj", "{F2F73658-1CF1-45AB-83E4-8FEDB60734C5}"
EndProject
Global
	GlobalSection(SolutionConfigurationPlatforms) = preSolution
		Debug|Any CPU = Debug|Any CPU
		Release|Any CPU = Release|Any CPU
	EndGlobalSection
	GlobalSection(ProjectConfigurationPlatforms) = postSolution
		{F2F73658-1CF1-45AB-83E4-8FEDB60734C5}.Debug|Any CPU.ActiveCfg = Debug|Any CPU
		{F2F73658-1CF1-45AB-83E4-8FEDB60734C5}.Debug|Any CPU.Build.0 = Debug|Any CPU
		{F2F73658-1CF1-45AB-83E4-8FEDB60734C5}.Release|Any CPU.ActiveCfg = Release|Any CPU
		{F2F73658-1CF1-45AB-83E4-8FEDB60734C5}.Release|Any CPU.Build.0 = Release|Any CPU
	EndGlobalSection
	GlobalSection(SolutionProperties) = preSolution
		HideSolutionNode = FALSE
	EndGlobalSection
	GlobalSection(ExtensibilityGlobals) = postSolution
		SolutionGuid = {F81F1E73-8AB9-489A-AEA4-22DCF59189D7}
	EndGlobalSection
EndGlobal
